
Microsoft Visual Studio Solution File, Format Version 12.00
# Visual Studio Version 16
VisualStudioVersion = 16.0.28902.138
MinimumVisualStudioVersion = 10.0.40219.1
Project("{FAE04EC0-301F-11D3-BF4B-00C04F79EFBC}") = "WindowsFormsApp2", "WindowsFormsApp2.csproj", "{FDA6A233-889E-42B0-A9C0-0B8AC1E00A48}"
EndProject
Global
	GlobalSection(SolutionConfigurationPlatforms) = preSolution
		Debug|Any CPU = Debug|Any CPU
		Release|Any CPU = Release|Any CPU
	EndGlobalSection
	GlobalSection(ProjectConfigurationPlatforms) = postSolution
		{FDA6A233-889E-42B0-A9C0-0B8AC1E00A48}.Debug|Any CPU.ActiveCfg = Debug|Any CPU
		{FDA6A233-889E-42B0-A9C0-0B8AC1E00A48}.Debug|Any CPU.Build.0 = Debug|Any CPU
		{FDA6A233-889E-42B0-A9C0-0B8AC1E00A48}.Release|Any CPU.ActiveCfg = Release|Any CPU
		{FDA6A233-889E-42B0-A9C0-0B8AC1E00A48}.Release|Any CPU.Build.0 = Release|Any CPU
	EndGlobalSection
	GlobalSection(SolutionProperties) = preSolution
		HideSolutionNode = FALSE
	EndGlobalSection
	GlobalSection(ExtensibilityGlobals) = postSolution
		SolutionGuid = {88E1369B-A052-4812-B362-A0E2592FAFE2}
	EndGlobalSection
EndGlobal
